
Microsoft Visual Studio Solution File, Format Version 12.00
# Visual Studio Version 16
VisualStudioVersion = 16.0.30011.22
MinimumVisualStudioVersion = 10.0.40219.1
Project("{9A19103F-16F7-4668-BE54-9A1E7A4F7556}") = "BinaryTree", "bins\BinaryTree.csproj", "{ED63ABBE-3546-4A54-BDEF-0B64FFDBC0C6}"
EndProject
Global
	GlobalSection(SolutionConfigurationPlatforms) = preSolution
		Debug|Any CPU = Debug|Any CPU
		Release|Any CPU = Release|Any CPU
	EndGlobalSection
	GlobalSection(ProjectConfigurationPlatforms) = postSolution
		{ED63ABBE-3546-4A54-BDEF-0B64FFDBC0C6}.Debug|Any CPU.ActiveCfg = Debug|Any CPU
		{ED63ABBE-3546-4A54-BDEF-0B64FFDBC0C6}.Debug|Any CPU.Build.0 = Debug|Any CPU
		{ED63ABBE-3546-4A54-BDEF-0B64FFDBC0C6}.Release|Any CPU.ActiveCfg = Release|Any CPU
		{ED63ABBE-3546-4A54-BDEF-0B64FFDBC0C6}.Release|Any CPU.Build.0 = Release|Any CPU
	EndGlobalSection
	GlobalSection(SolutionProperties) = preSolution
		HideSolutionNode = FALSE
	EndGlobalSection
	GlobalSection(ExtensibilityGlobals) = postSolution
		SolutionGuid = {66C2AE1F-8CE6-4C8A-9CDB-20A910257477}
	EndGlobalSection
EndGlobal
